// !$*UTF8*$!
{
	archiveVersion = 1;
	classes = {
	};
	objectVersion = 50;
	objects = {

/* Begin PBXBuildFile section */
		58FA55A1E65ED8D9ED9B3F5D /* Pods_HealthTracker.framework in Frameworks */ = {isa = PBXBuildFile; fileRef = 30A7DF50F5A709D9BA5916EF /* Pods_HealthTracker.framework */; };
		AF044AF021015E1F0061ED36 /* SWRevealViewController.m in Sources */ = {isa = PBXBuildFile; fileRef = AF044AEF21015E1F0061ED36 /* SWRevealViewController.m */; };
		AF044AF4210161800061ED36 /* BackTableViewController.swift in Sources */ = {isa = PBXBuildFile; fileRef = AF044AF3210161800061ED36 /* BackTableViewController.swift */; };
		AF0E9DE1210170520005F8FD /* BowelTableViewController.swift in Sources */ = {isa = PBXBuildFile; fileRef = AF0E9DE0210170520005F8FD /* BowelTableViewController.swift */; };
		AF15741521022DE700F4C6E1 /* bm.json in Resources */ = {isa = PBXBuildFile; fileRef = AF15741421022DE700F4C6E1 /* bm.json */; };
		AF157417210240F400F4C6E1 /* PhysiciansTableViewController.swift in Sources */ = {isa = PBXBuildFile; fileRef = AF157416210240F400F4C6E1 /* PhysiciansTableViewController.swift */; };
		AF1EBAE1210269D900E1A1FF /* Protocols.swift in Sources */ = {isa = PBXBuildFile; fileRef = AF1EBAE0210269D900E1A1FF /* Protocols.swift */; };
		AF264C9C21041F120019BD4F /* NewPhysicianViewController.swift in Sources */ = {isa = PBXBuildFile; fileRef = AF264C9B21041F120019BD4F /* NewPhysicianViewController.swift */; };
		AF3FAC5520F6FB3B00D5ED73 /* NewMedicationViewController.swift in Sources */ = {isa = PBXBuildFile; fileRef = AF3FAC5420F6FB3B00D5ED73 /* NewMedicationViewController.swift */; };
		AF45D114210029D300D691C1 /* medication.json in Resources */ = {isa = PBXBuildFile; fileRef = AF45D112210029D300D691C1 /* medication.json */; };
		AF45D115210029D300D691C1 /* cath.json in Resources */ = {isa = PBXBuildFile; fileRef = AF45D113210029D300D691C1 /* cath.json */; };
		AF4B974E20FA8E7200D89D94 /* Extensions.swift in Sources */ = {isa = PBXBuildFile; fileRef = AF4B974D20FA8E7200D89D94 /* Extensions.swift */; };
		AF4B975120FA96D000D89D94 /* MedicationCell.swift in Sources */ = {isa = PBXBuildFile; fileRef = AF4B975020FA96D000D89D94 /* MedicationCell.swift */; };
		AF61D9CE20FE4BE4000761AF /* CoreDateManager.swift in Sources */ = {isa = PBXBuildFile; fileRef = AF61D9CD20FE4BE4000761AF /* CoreDateManager.swift */; };
		AF65BACA2107F6A800B5555C /* NotesTableViewController.swift in Sources */ = {isa = PBXBuildFile; fileRef = AF65BAC92107F6A800B5555C /* NotesTableViewController.swift */; };
		AF65BACC2107FF8300B5555C /* HealthTableViewController.swift in Sources */ = {isa = PBXBuildFile; fileRef = AF65BACB2107FF8300B5555C /* HealthTableViewController.swift */; };
		AF65BACE21081AD700B5555C /* OrdersTableViewController.swift in Sources */ = {isa = PBXBuildFile; fileRef = AF65BACD21081AD700B5555C /* OrdersTableViewController.swift */; };
		AF65BAD021081D4600B5555C /* SuppliesTableViewController.swift in Sources */ = {isa = PBXBuildFile; fileRef = AF65BACF21081D4600B5555C /* SuppliesTableViewController.swift */; };
		AF65BAD22108320600B5555C /* ImportHealth.swift in Sources */ = {isa = PBXBuildFile; fileRef = AF65BAD12108320600B5555C /* ImportHealth.swift */; };
		AF69D0F72102D4B600B1716D /* NewBowelViewController.swift in Sources */ = {isa = PBXBuildFile; fileRef = AF69D0F62102D4B600B1716D /* NewBowelViewController.swift */; };
		AF8E879220FC161D00C2CC4F /* Constants.swift in Sources */ = {isa = PBXBuildFile; fileRef = AF8E879120FC161D00C2CC4F /* Constants.swift */; };
		AF94AC8620F6DA0500F06A61 /* AppDelegate.swift in Sources */ = {isa = PBXBuildFile; fileRef = AF94AC8520F6DA0500F06A61 /* AppDelegate.swift */; };
		AF94AC8820F6DA0500F06A61 /* HomeViewController.swift in Sources */ = {isa = PBXBuildFile; fileRef = AF94AC8720F6DA0500F06A61 /* HomeViewController.swift */; };
		AF94AC8B20F6DA0500F06A61 /* Main.storyboard in Resources */ = {isa = PBXBuildFile; fileRef = AF94AC8920F6DA0500F06A61 /* Main.storyboard */; };
		AF94AC8E20F6DA0500F06A61 /* HealthTracker.xcdatamodeld in Sources */ = {isa = PBXBuildFile; fileRef = AF94AC8C20F6DA0500F06A61 /* HealthTracker.xcdatamodeld */; };
		AF94AC9020F6DA0700F06A61 /* Assets.xcassets in Resources */ = {isa = PBXBuildFile; fileRef = AF94AC8F20F6DA0700F06A61 /* Assets.xcassets */; };
		AF94AC9320F6DA0700F06A61 /* LaunchScreen.storyboard in Resources */ = {isa = PBXBuildFile; fileRef = AF94AC9120F6DA0700F06A61 /* LaunchScreen.storyboard */; };
		AFAF10BB20F6E94700D00312 /* CathTableViewController.swift in Sources */ = {isa = PBXBuildFile; fileRef = AFAF10BA20F6E94700D00312 /* CathTableViewController.swift */; };
		AFAF10BD20F6E97A00D00312 /* MedicationTableViewController.swift in Sources */ = {isa = PBXBuildFile; fileRef = AFAF10BC20F6E97A00D00312 /* MedicationTableViewController.swift */; };
		AFD6D82A21069E3F00A6BAE4 /* GoogleService-Info.plist in Resources */ = {isa = PBXBuildFile; fileRef = AFD6D82921069E3E00A6BAE4 /* GoogleService-Info.plist */; };
		AFDB0EE52103A7BB003B3991 /* MenuCell.swift in Sources */ = {isa = PBXBuildFile; fileRef = AFDB0EE42103A7BB003B3991 /* MenuCell.swift */; };
		AFEF27BB20F973BF00F057E3 /* CathCell.swift in Sources */ = {isa = PBXBuildFile; fileRef = AFEF27BA20F973BF00F057E3 /* CathCell.swift */; };
		AFFB5FE420F6F0BA00B4500E /* NewCathViewController.swift in Sources */ = {isa = PBXBuildFile; fileRef = AFFB5FE320F6F0BA00B4500E /* NewCathViewController.swift */; };
/* End PBXBuildFile section */

/* Begin PBXFileReference section */
		30A7DF50F5A709D9BA5916EF /* Pods_HealthTracker.framework */ = {isa = PBXFileReference; explicitFileType = wrapper.framework; includeInIndex = 0; path = Pods_HealthTracker.framework; sourceTree = BUILT_PRODUCTS_DIR; };
		AF044AED21015E1D0061ED36 /* HealthTracker-Bridging-Header.h */ = {isa = PBXFileReference; lastKnownFileType = sourcecode.c.h; path = "HealthTracker-Bridging-Header.h"; sourceTree = "<group>"; };
		AF044AEE21015E1E0061ED36 /* SWRevealViewController.h */ = {isa = PBXFileReference; fileEncoding = 4; lastKnownFileType = sourcecode.c.h; path = SWRevealViewController.h; sourceTree = "<group>"; };
		AF044AEF21015E1F0061ED36 /* SWRevealViewController.m */ = {isa = PBXFileReference; fileEncoding = 4; lastKnownFileType = sourcecode.c.objc; path = SWRevealViewController.m; sourceTree = "<group>"; };
		AF044AF3210161800061ED36 /* BackTableViewController.swift */ = {isa = PBXFileReference; lastKnownFileType = sourcecode.swift; path = BackTableViewController.swift; sourceTree = "<group>"; };
		AF0E9DE0210170520005F8FD /* BowelTableViewController.swift */ = {isa = PBXFileReference; lastKnownFileType = sourcecode.swift; path = BowelTableViewController.swift; sourceTree = "<group>"; };
		AF15741421022DE700F4C6E1 /* bm.json */ = {isa = PBXFileReference; fileEncoding = 4; lastKnownFileType = text.json; path = bm.json; sourceTree = "<group>"; };
		AF157416210240F400F4C6E1 /* PhysiciansTableViewController.swift */ = {isa = PBXFileReference; lastKnownFileType = sourcecode.swift; path = PhysiciansTableViewController.swift; sourceTree = "<group>"; };
		AF1EBAE0210269D900E1A1FF /* Protocols.swift */ = {isa = PBXFileReference; lastKnownFileType = sourcecode.swift; path = Protocols.swift; sourceTree = "<group>"; };
		AF264C9B21041F120019BD4F /* NewPhysicianViewController.swift */ = {isa = PBXFileReference; lastKnownFileType = sourcecode.swift; path = NewPhysicianViewController.swift; sourceTree = "<group>"; };
		AF3FAC5420F6FB3B00D5ED73 /* NewMedicationViewController.swift */ = {isa = PBXFileReference; lastKnownFileType = sourcecode.swift; path = NewMedicationViewController.swift; sourceTree = "<group>"; };
		AF45D112210029D300D691C1 /* medication.json */ = {isa = PBXFileReference; fileEncoding = 4; lastKnownFileType = text.json; path = medication.json; sourceTree = "<group>"; };
		AF45D113210029D300D691C1 /* cath.json */ = {isa = PBXFileReference; fileEncoding = 4; lastKnownFileType = text.json; path = cath.json; sourceTree = "<group>"; };
		AF4B974D20FA8E7200D89D94 /* Extensions.swift */ = {isa = PBXFileReference; lastKnownFileType = sourcecode.swift; path = Extensions.swift; sourceTree = "<group>"; };
		AF4B975020FA96D000D89D94 /* MedicationCell.swift */ = {isa = PBXFileReference; lastKnownFileType = sourcecode.swift; path = MedicationCell.swift; sourceTree = "<group>"; };
		AF61D9CD20FE4BE4000761AF /* CoreDateManager.swift */ = {isa = PBXFileReference; lastKnownFileType = sourcecode.swift; path = CoreDateManager.swift; sourceTree = "<group>"; };
		AF65BAC92107F6A800B5555C /* NotesTableViewController.swift */ = {isa = PBXFileReference; lastKnownFileType = sourcecode.swift; path = NotesTableViewController.swift; sourceTree = "<group>"; };
		AF65BACB2107FF8300B5555C /* HealthTableViewController.swift */ = {isa = PBXFileReference; lastKnownFileType = sourcecode.swift; path = HealthTableViewController.swift; sourceTree = "<group>"; };
		AF65BACD21081AD700B5555C /* OrdersTableViewController.swift */ = {isa = PBXFileReference; lastKnownFileType = sourcecode.swift; path = OrdersTableViewController.swift; sourceTree = "<group>"; };
		AF65BACF21081D4600B5555C /* SuppliesTableViewController.swift */ = {isa = PBXFileReference; lastKnownFileType = sourcecode.swift; path = SuppliesTableViewController.swift; sourceTree = "<group>"; };
		AF65BAD12108320600B5555C /* ImportHealth.swift */ = {isa = PBXFileReference; lastKnownFileType = sourcecode.swift; path = ImportHealth.swift; sourceTree = "<group>"; };
		AF69D0F62102D4B600B1716D /* NewBowelViewController.swift */ = {isa = PBXFileReference; lastKnownFileType = sourcecode.swift; path = NewBowelViewController.swift; sourceTree = "<group>"; };
		AF8E879120FC161D00C2CC4F /* Constants.swift */ = {isa = PBXFileReference; lastKnownFileType = sourcecode.swift; path = Constants.swift; sourceTree = "<group>"; };
		AF94AC8220F6DA0500F06A61 /* HealthTracker.app */ = {isa = PBXFileReference; explicitFileType = wrapper.application; includeInIndex = 0; path = HealthTracker.app; sourceTree = BUILT_PRODUCTS_DIR; };
		AF94AC8520F6DA0500F06A61 /* AppDelegate.swift */ = {isa = PBXFileReference; lastKnownFileType = sourcecode.swift; path = AppDelegate.swift; sourceTree = "<group>"; };
		AF94AC8720F6DA0500F06A61 /* HomeViewController.swift */ = {isa = PBXFileReference; lastKnownFileType = sourcecode.swift; path = HomeViewController.swift; sourceTree = "<group>"; };
		AF94AC8A20F6DA0500F06A61 /* Base */ = {isa = PBXFileReference; lastKnownFileType = file.storyboard; name = Base; path = Base.lproj/Main.storyboard; sourceTree = "<group>"; };
		AF94AC8D20F6DA0500F06A61 /* HealthTracker.xcdatamodel */ = {isa = PBXFileReference; lastKnownFileType = wrapper.xcdatamodel; path = HealthTracker.xcdatamodel; sourceTree = "<group>"; };
		AF94AC8F20F6DA0700F06A61 /* Assets.xcassets */ = {isa = PBXFileReference; lastKnownFileType = folder.assetcatalog; path = Assets.xcassets; sourceTree = "<group>"; };
		AF94AC9220F6DA0700F06A61 /* Base */ = {isa = PBXFileReference; lastKnownFileType = file.storyboard; name = Base; path = Base.lproj/LaunchScreen.storyboard; sourceTree = "<group>"; };
		AF94AC9420F6DA0700F06A61 /* Info.plist */ = {isa = PBXFileReference; lastKnownFileType = text.plist.xml; path = Info.plist; sourceTree = "<group>"; };
		AFAF10BA20F6E94700D00312 /* CathTableViewController.swift */ = {isa = PBXFileReference; lastKnownFileType = sourcecode.swift; path = CathTableViewController.swift; sourceTree = "<group>"; };
		AFAF10BC20F6E97A00D00312 /* MedicationTableViewController.swift */ = {isa = PBXFileReference; lastKnownFileType = sourcecode.swift; path = MedicationTableViewController.swift; sourceTree = "<group>"; };
		AFD6D82921069E3E00A6BAE4 /* GoogleService-Info.plist */ = {isa = PBXFileReference; fileEncoding = 4; lastKnownFileType = text.plist.xml; path = "GoogleService-Info.plist"; sourceTree = "<group>"; };
		AFDB0EE42103A7BB003B3991 /* MenuCell.swift */ = {isa = PBXFileReference; lastKnownFileType = sourcecode.swift; path = MenuCell.swift; sourceTree = "<group>"; };
		AFEF27BA20F973BF00F057E3 /* CathCell.swift */ = {isa = PBXFileReference; lastKnownFileType = sourcecode.swift; path = CathCell.swift; sourceTree = "<group>"; };
		AFFB5FE320F6F0BA00B4500E /* NewCathViewController.swift */ = {isa = PBXFileReference; lastKnownFileType = sourcecode.swift; path = NewCathViewController.swift; sourceTree = "<group>"; };
		DAFE2AD3816DE8F14EB7B705 /* Pods-HealthTracker.release.xcconfig */ = {isa = PBXFileReference; includeInIndex = 1; lastKnownFileType = text.xcconfig; name = "Pods-HealthTracker.release.xcconfig"; path = "Pods/Target Support Files/Pods-HealthTracker/Pods-HealthTracker.release.xcconfig"; sourceTree = "<group>"; };
		F4FA8B706B5DBC04D3C1DC4D /* Pods-HealthTracker.debug.xcconfig */ = {isa = PBXFileReference; includeInIndex = 1; lastKnownFileType = text.xcconfig; name = "Pods-HealthTracker.debug.xcconfig"; path = "Pods/Target Support Files/Pods-HealthTracker/Pods-HealthTracker.debug.xcconfig"; sourceTree = "<group>"; };
/* End PBXFileReference section */

/* Begin PBXFrameworksBuildPhase section */
		AF94AC7F20F6DA0500F06A61 /* Frameworks */ = {
			isa = PBXFrameworksBuildPhase;
			buildActionMask = 2147483647;
			files = (
				58FA55A1E65ED8D9ED9B3F5D /* Pods_HealthTracker.framework in Frameworks */,
			);
			runOnlyForDeploymentPostprocessing = 0;
		};
/* End PBXFrameworksBuildPhase section */

/* Begin PBXGroup section */
		22758F5BCA21213E4ED9793E /* Pods */ = {
			isa = PBXGroup;
			children = (
				F4FA8B706B5DBC04D3C1DC4D /* Pods-HealthTracker.debug.xcconfig */,
				DAFE2AD3816DE8F14EB7B705 /* Pods-HealthTracker.release.xcconfig */,
			);
			name = Pods;
			sourceTree = "<group>";
		};
		6B3300FDD8574FB06ECF741D /* Frameworks */ = {
			isa = PBXGroup;
			children = (
				30A7DF50F5A709D9BA5916EF /* Pods_HealthTracker.framework */,
			);
			name = Frameworks;
			sourceTree = "<group>";
		};
		AF4714A320F81DED00006CA7 /* View */ = {
			isa = PBXGroup;
			children = (
				AFEF27BA20F973BF00F057E3 /* CathCell.swift */,
				AF4B975020FA96D000D89D94 /* MedicationCell.swift */,
				AFDB0EE42103A7BB003B3991 /* MenuCell.swift */,
			);
			path = View;
			sourceTree = "<group>";
		};
		AF4B974F20FA8FC300D89D94 /* Extensions */ = {
			isa = PBXGroup;
			children = (
				AF4B974D20FA8E7200D89D94 /* Extensions.swift */,
				AF1EBAE0210269D900E1A1FF /* Protocols.swift */,
			);
			path = Extensions;
			sourceTree = "<group>";
		};
		AF81551820FFCEDD007F5007 /* Imports */ = {
			isa = PBXGroup;
			children = (
				AF15741421022DE700F4C6E1 /* bm.json */,
				AF45D113210029D300D691C1 /* cath.json */,
				AF45D112210029D300D691C1 /* medication.json */,
			);
			path = Imports;
			sourceTree = "<group>";
		};
		AF94AC7920F6DA0500F06A61 = {
			isa = PBXGroup;
			children = (
				AF94AC8420F6DA0500F06A61 /* HealthTracker */,
				AF94AC8320F6DA0500F06A61 /* Products */,
				22758F5BCA21213E4ED9793E /* Pods */,
				6B3300FDD8574FB06ECF741D /* Frameworks */,
			);
			sourceTree = "<group>";
		};
		AF94AC8320F6DA0500F06A61 /* Products */ = {
			isa = PBXGroup;
			children = (
				AF94AC8220F6DA0500F06A61 /* HealthTracker.app */,
			);
			name = Products;
			sourceTree = "<group>";
		};
		AF94AC8420F6DA0500F06A61 /* HealthTracker */ = {
			isa = PBXGroup;
			children = (
				AF94AC8520F6DA0500F06A61 /* AppDelegate.swift */,
				AF94AC9420F6DA0700F06A61 /* Info.plist */,
				AFD6D82921069E3E00A6BAE4 /* GoogleService-Info.plist */,
				AFAF10B420F6E73800D00312 /* Assets */,
				AFAF10B720F6E75C00D00312 /* Controllers */,
				AF4B974F20FA8FC300D89D94 /* Extensions */,
				AFAF10B520F6E74300D00312 /* Model */,
				AFAF10B620F6E75100D00312 /* Storyboards */,
				AF4714A320F81DED00006CA7 /* View */,
			);
			path = HealthTracker;
			sourceTree = "<group>";
		};
		AFAF10B420F6E73800D00312 /* Assets */ = {
			isa = PBXGroup;
			children = (
				AF94AC8F20F6DA0700F06A61 /* Assets.xcassets */,
				AF94AC9120F6DA0700F06A61 /* LaunchScreen.storyboard */,
				AF81551820FFCEDD007F5007 /* Imports */,
			);
			path = Assets;
			sourceTree = "<group>";
		};
		AFAF10B520F6E74300D00312 /* Model */ = {
			isa = PBXGroup;
			children = (
				AF8E879120FC161D00C2CC4F /* Constants.swift */,
				AF61D9CD20FE4BE4000761AF /* CoreDateManager.swift */,
				AF94AC8C20F6DA0500F06A61 /* HealthTracker.xcdatamodeld */,
				AF65BAD12108320600B5555C /* ImportHealth.swift */,
			);
			path = Model;
			sourceTree = "<group>";
		};
		AFAF10B620F6E75100D00312 /* Storyboards */ = {
			isa = PBXGroup;
			children = (
				AF94AC8920F6DA0500F06A61 /* Main.storyboard */,
			);
			path = Storyboards;
			sourceTree = "<group>";
		};
		AFAF10B720F6E75C00D00312 /* Controllers */ = {
			isa = PBXGroup;
			children = (
				AF044AF3210161800061ED36 /* BackTableViewController.swift */,
				AF0E9DE0210170520005F8FD /* BowelTableViewController.swift */,
				AFAF10BA20F6E94700D00312 /* CathTableViewController.swift */,
				AF65BACB2107FF8300B5555C /* HealthTableViewController.swift */,
				AF044AED21015E1D0061ED36 /* HealthTracker-Bridging-Header.h */,
				AF94AC8720F6DA0500F06A61 /* HomeViewController.swift */,
				AFAF10BC20F6E97A00D00312 /* MedicationTableViewController.swift */,
				AF69D0F62102D4B600B1716D /* NewBowelViewController.swift */,
				AFFB5FE320F6F0BA00B4500E /* NewCathViewController.swift */,
				AF3FAC5420F6FB3B00D5ED73 /* NewMedicationViewController.swift */,
				AF264C9B21041F120019BD4F /* NewPhysicianViewController.swift */,
				AF65BAC92107F6A800B5555C /* NotesTableViewController.swift */,
				AF65BACD21081AD700B5555C /* OrdersTableViewController.swift */,
				AF157416210240F400F4C6E1 /* PhysiciansTableViewController.swift */,
				AF65BACF21081D4600B5555C /* SuppliesTableViewController.swift */,
				AF044AEE21015E1E0061ED36 /* SWRevealViewController.h */,
				AF044AEF21015E1F0061ED36 /* SWRevealViewController.m */,
			);
			path = Controllers;
			sourceTree = "<group>";
		};
/* End PBXGroup section */

/* Begin PBXNativeTarget section */
		AF94AC8120F6DA0500F06A61 /* HealthTracker */ = {
			isa = PBXNativeTarget;
			buildConfigurationList = AF94AC9720F6DA0700F06A61 /* Build configuration list for PBXNativeTarget "HealthTracker" */;
			buildPhases = (
				CE2FD6061C08AED5375C0EFC /* [CP] Check Pods Manifest.lock */,
				AF94AC7E20F6DA0500F06A61 /* Sources */,
				AF94AC7F20F6DA0500F06A61 /* Frameworks */,
				AF94AC8020F6DA0500F06A61 /* Resources */,
				F24F1747221A7D751EA2CC88 /* [CP] Embed Pods Frameworks */,
			);
			buildRules = (
			);
			dependencies = (
			);
			name = HealthTracker;
			productName = HealthTracker;
			productReference = AF94AC8220F6DA0500F06A61 /* HealthTracker.app */;
			productType = "com.apple.product-type.application";
		};
/* End PBXNativeTarget section */

/* Begin PBXProject section */
		AF94AC7A20F6DA0500F06A61 /* Project object */ = {
			isa = PBXProject;
			attributes = {
				LastSwiftUpdateCheck = 1000;
				LastUpgradeCheck = 1000;
				ORGANIZATIONNAME = "Mitchell Murphy";
				TargetAttributes = {
					AF94AC8120F6DA0500F06A61 = {
						CreatedOnToolsVersion = 10.0;
						LastSwiftMigration = 1000;
					};
				};
			};
			buildConfigurationList = AF94AC7D20F6DA0500F06A61 /* Build configuration list for PBXProject "HealthTracker" */;
			compatibilityVersion = "Xcode 9.3";
			developmentRegion = en;
			hasScannedForEncodings = 0;
			knownRegions = (
				en,
				Base,
			);
			mainGroup = AF94AC7920F6DA0500F06A61;
			productRefGroup = AF94AC8320F6DA0500F06A61 /* Products */;
			projectDirPath = "";
			projectRoot = "";
			targets = (
				AF94AC8120F6DA0500F06A61 /* HealthTracker */,
			);
		};
/* End PBXProject section */

/* Begin PBXResourcesBuildPhase section */
		AF94AC8020F6DA0500F06A61 /* Resources */ = {
			isa = PBXResourcesBuildPhase;
			buildActionMask = 2147483647;
			files = (
				AF15741521022DE700F4C6E1 /* bm.json in Resources */,
				AF45D114210029D300D691C1 /* medication.json in Resources */,
				AF45D115210029D300D691C1 /* cath.json in Resources */,
				AF94AC9320F6DA0700F06A61 /* LaunchScreen.storyboard in Resources */,
				AF94AC9020F6DA0700F06A61 /* Assets.xcassets in Resources */,
				AF94AC8B20F6DA0500F06A61 /* Main.storyboard in Resources */,
				AFD6D82A21069E3F00A6BAE4 /* GoogleService-Info.plist in Resources */,
			);
			runOnlyForDeploymentPostprocessing = 0;
		};
/* End PBXResourcesBuildPhase section */

/* Begin PBXShellScriptBuildPhase section */
		CE2FD6061C08AED5375C0EFC /* [CP] Check Pods Manifest.lock */ = {
			isa = PBXShellScriptBuildPhase;
			buildActionMask = 2147483647;
			files = (
			);
			inputPaths = (
				"${PODS_PODFILE_DIR_PATH}/Podfile.lock",
				"${PODS_ROOT}/Manifest.lock",
			);
			name = "[CP] Check Pods Manifest.lock";
			outputPaths = (
				"$(DERIVED_FILE_DIR)/Pods-HealthTracker-checkManifestLockResult.txt",
			);
			runOnlyForDeploymentPostprocessing = 0;
			shellPath = /bin/sh;
			shellScript = "diff \"${PODS_PODFILE_DIR_PATH}/Podfile.lock\" \"${PODS_ROOT}/Manifest.lock\" > /dev/null\nif [ $? != 0 ] ; then\n    # print error to STDERR\n    echo \"error: The sandbox is not in sync with the Podfile.lock. Run 'pod install' or update your CocoaPods installation.\" >&2\n    exit 1\nfi\n# This output is used by Xcode 'outputs' to avoid re-running this script phase.\necho \"SUCCESS\" > \"${SCRIPT_OUTPUT_FILE_0}\"\n";
			showEnvVarsInLog = 0;
		};
		F24F1747221A7D751EA2CC88 /* [CP] Embed Pods Frameworks */ = {
			isa = PBXShellScriptBuildPhase;
			buildActionMask = 2147483647;
			files = (
			);
			inputPaths = (
				"${SRCROOT}/Pods/Target Support Files/Pods-HealthTracker/Pods-HealthTracker-frameworks.sh",
				"${BUILT_PRODUCTS_DIR}/GoogleToolboxForMac/GoogleToolboxForMac.framework",
				"${BUILT_PRODUCTS_DIR}/leveldb-library/leveldb.framework",
				"${BUILT_PRODUCTS_DIR}/nanopb/nanopb.framework",
			);
			name = "[CP] Embed Pods Frameworks";
			outputPaths = (
				"${TARGET_BUILD_DIR}/${FRAMEWORKS_FOLDER_PATH}/GoogleToolboxForMac.framework",
				"${TARGET_BUILD_DIR}/${FRAMEWORKS_FOLDER_PATH}/leveldb.framework",
				"${TARGET_BUILD_DIR}/${FRAMEWORKS_FOLDER_PATH}/nanopb.framework",
			);
			runOnlyForDeploymentPostprocessing = 0;
			shellPath = /bin/sh;
			shellScript = "\"${SRCROOT}/Pods/Target Support Files/Pods-HealthTracker/Pods-HealthTracker-frameworks.sh\"\n";
			showEnvVarsInLog = 0;
		};
/* End PBXShellScriptBuildPhase section */

/* Begin PBXSourcesBuildPhase section */
		AF94AC7E20F6DA0500F06A61 /* Sources */ = {
			isa = PBXSourcesBuildPhase;
			buildActionMask = 2147483647;
			files = (
				AF65BAD021081D4600B5555C /* SuppliesTableViewController.swift in Sources */,
				AF044AF4210161800061ED36 /* BackTableViewController.swift in Sources */,
				AF65BACA2107F6A800B5555C /* NotesTableViewController.swift in Sources */,
				AF264C9C21041F120019BD4F /* NewPhysicianViewController.swift in Sources */,
				AF69D0F72102D4B600B1716D /* NewBowelViewController.swift in Sources */,
				AF157417210240F400F4C6E1 /* PhysiciansTableViewController.swift in Sources */,
				AF65BACC2107FF8300B5555C /* HealthTableViewController.swift in Sources */,
				AF94AC8820F6DA0500F06A61 /* HomeViewController.swift in Sources */,
				AF1EBAE1210269D900E1A1FF /* Protocols.swift in Sources */,
				AF65BACE21081AD700B5555C /* OrdersTableViewController.swift in Sources */,
				AF61D9CE20FE4BE4000761AF /* CoreDateManager.swift in Sources */,
				AFAF10BD20F6E97A00D00312 /* MedicationTableViewController.swift in Sources */,
				AF0E9DE1210170520005F8FD /* BowelTableViewController.swift in Sources */,
				AFFB5FE420F6F0BA00B4500E /* NewCathViewController.swift in Sources */,
				AFEF27BB20F973BF00F057E3 /* CathCell.swift in Sources */,
				AF94AC8620F6DA0500F06A61 /* AppDelegate.swift in Sources */,
				AFAF10BB20F6E94700D00312 /* CathTableViewController.swift in Sources */,
				AF044AF021015E1F0061ED36 /* SWRevealViewController.m in Sources */,
				AFDB0EE52103A7BB003B3991 /* MenuCell.swift in Sources */,
				AF65BAD22108320600B5555C /* ImportHealth.swift in Sources */,
				AF4B974E20FA8E7200D89D94 /* Extensions.swift in Sources */,
				AF4B975120FA96D000D89D94 /* MedicationCell.swift in Sources */,
				AF94AC8E20F6DA0500F06A61 /* HealthTracker.xcdatamodeld in Sources */,
				AF3FAC5520F6FB3B00D5ED73 /* NewMedicationViewController.swift in Sources */,
				AF8E879220FC161D00C2CC4F /* Constants.swift in Sources */,
			);
			runOnlyForDeploymentPostprocessing = 0;
		};
/* End PBXSourcesBuildPhase section */

/* Begin PBXVariantGroup section */
		AF94AC8920F6DA0500F06A61 /* Main.storyboard */ = {
			isa = PBXVariantGroup;
			children = (
				AF94AC8A20F6DA0500F06A61 /* Base */,
			);
			name = Main.storyboard;
			sourceTree = "<group>";
		};
		AF94AC9120F6DA0700F06A61 /* LaunchScreen.storyboard */ = {
			isa = PBXVariantGroup;
			children = (
				AF94AC9220F6DA0700F06A61 /* Base */,
			);
			name = LaunchScreen.storyboard;
			sourceTree = "<group>";
		};
/* End PBXVariantGroup section */

/* Begin XCBuildConfiguration section */
		AF94AC9520F6DA0700F06A61 /* Debug */ = {
			isa = XCBuildConfiguration;
			buildSettings = {
				ALWAYS_SEARCH_USER_PATHS = NO;
				CLANG_ANALYZER_NONNULL = YES;
				CLANG_ANALYZER_NUMBER_OBJECT_CONVERSION = YES_AGGRESSIVE;
				CLANG_CXX_LANGUAGE_STANDARD = "gnu++14";
				CLANG_CXX_LIBRARY = "libc++";
				CLANG_ENABLE_MODULES = YES;
				CLANG_ENABLE_OBJC_ARC = YES;
				CLANG_ENABLE_OBJC_WEAK = YES;
				CLANG_WARN_BLOCK_CAPTURE_AUTORELEASING = YES;
				CLANG_WARN_BOOL_CONVERSION = YES;
				CLANG_WARN_COMMA = YES;
				CLANG_WARN_CONSTANT_CONVERSION = YES;
				CLANG_WARN_DEPRECATED_OBJC_IMPLEMENTATIONS = YES;
				CLANG_WARN_DIRECT_OBJC_ISA_USAGE = YES_ERROR;
				CLANG_WARN_DOCUMENTATION_COMMENTS = YES;
				CLANG_WARN_EMPTY_BODY = YES;
				CLANG_WARN_ENUM_CONVERSION = YES;
				CLANG_WARN_INFINITE_RECURSION = YES;
				CLANG_WARN_INT_CONVERSION = YES;
				CLANG_WARN_NON_LITERAL_NULL_CONVERSION = YES;
				CLANG_WARN_OBJC_IMPLICIT_RETAIN_SELF = YES;
				CLANG_WARN_OBJC_LITERAL_CONVERSION = YES;
				CLANG_WARN_OBJC_ROOT_CLASS = YES_ERROR;
				CLANG_WARN_RANGE_LOOP_ANALYSIS = YES;
				CLANG_WARN_STRICT_PROTOTYPES = YES;
				CLANG_WARN_SUSPICIOUS_MOVE = YES;
				CLANG_WARN_UNGUARDED_AVAILABILITY = YES_AGGRESSIVE;
				CLANG_WARN_UNREACHABLE_CODE = YES;
				CLANG_WARN__DUPLICATE_METHOD_MATCH = YES;
				CODE_SIGN_IDENTITY = "iPhone Developer";
				COPY_PHASE_STRIP = NO;
				DEBUG_INFORMATION_FORMAT = dwarf;
				ENABLE_STRICT_OBJC_MSGSEND = YES;
				ENABLE_TESTABILITY = YES;
				GCC_C_LANGUAGE_STANDARD = gnu11;
				GCC_DYNAMIC_NO_PIC = NO;
				GCC_NO_COMMON_BLOCKS = YES;
				GCC_OPTIMIZATION_LEVEL = 0;
				GCC_PREPROCESSOR_DEFINITIONS = (
					"DEBUG=1",
					"$(inherited)",
				);
				GCC_WARN_64_TO_32_BIT_CONVERSION = YES;
				GCC_WARN_ABOUT_RETURN_TYPE = YES_ERROR;
				GCC_WARN_UNDECLARED_SELECTOR = YES;
				GCC_WARN_UNINITIALIZED_AUTOS = YES_AGGRESSIVE;
				GCC_WARN_UNUSED_FUNCTION = YES;
				GCC_WARN_UNUSED_VARIABLE = YES;
				IPHONEOS_DEPLOYMENT_TARGET = 12.0;
				MTL_ENABLE_DEBUG_INFO = INCLUDE_SOURCE;
				MTL_FAST_MATH = YES;
				ONLY_ACTIVE_ARCH = YES;
				SDKROOT = iphoneos;
				SWIFT_ACTIVE_COMPILATION_CONDITIONS = DEBUG;
				SWIFT_OPTIMIZATION_LEVEL = "-Onone";
			};
			name = Debug;
		};
		AF94AC9620F6DA0700F06A61 /* Release */ = {
			isa = XCBuildConfiguration;
			buildSettings = {
				ALWAYS_SEARCH_USER_PATHS = NO;
				CLANG_ANALYZER_NONNULL = YES;
				CLANG_ANALYZER_NUMBER_OBJECT_CONVERSION = YES_AGGRESSIVE;
				CLANG_CXX_LANGUAGE_STANDARD = "gnu++14";
				CLANG_CXX_LIBRARY = "libc++";
				CLANG_ENABLE_MODULES = YES;
				CLANG_ENABLE_OBJC_ARC = YES;
				CLANG_ENABLE_OBJC_WEAK = YES;
				CLANG_WARN_BLOCK_CAPTURE_AUTORELEASING = YES;
				CLANG_WARN_BOOL_CONVERSION = YES;
				CLANG_WARN_COMMA = YES;
				CLANG_WARN_CONSTANT_CONVERSION = YES;
				CLANG_WARN_DEPRECATED_OBJC_IMPLEMENTATIONS = YES;
				CLANG_WARN_DIRECT_OBJC_ISA_USAGE = YES_ERROR;
				CLANG_WARN_DOCUMENTATION_COMMENTS = YES;
				CLANG_WARN_EMPTY_BODY = YES;
				CLANG_WARN_ENUM_CONVERSION = YES;
				CLANG_WARN_INFINITE_RECURSION = YES;
				CLANG_WARN_INT_CONVERSION = YES;
				CLANG_WARN_NON_LITERAL_NULL_CONVERSION = YES;
				CLANG_WARN_OBJC_IMPLICIT_RETAIN_SELF = YES;
				CLANG_WARN_OBJC_LITERAL_CONVERSION = YES;
				CLANG_WARN_OBJC_ROOT_CLASS = YES_ERROR;
				CLANG_WARN_RANGE_LOOP_ANALYSIS = YES;
				CLANG_WARN_STRICT_PROTOTYPES = YES;
				CLANG_WARN_SUSPICIOUS_MOVE = YES;
				CLANG_WARN_UNGUARDED_AVAILABILITY = YES_AGGRESSIVE;
				CLANG_WARN_UNREACHABLE_CODE = YES;
				CLANG_WARN__DUPLICATE_METHOD_MATCH = YES;
				CODE_SIGN_IDENTITY = "iPhone Developer";
				COPY_PHASE_STRIP = NO;
				DEBUG_INFORMATION_FORMAT = "dwarf-with-dsym";
				ENABLE_NS_ASSERTIONS = NO;
				ENABLE_STRICT_OBJC_MSGSEND = YES;
				GCC_C_LANGUAGE_STANDARD = gnu11;
				GCC_NO_COMMON_BLOCKS = YES;
				GCC_WARN_64_TO_32_BIT_CONVERSION = YES;
				GCC_WARN_ABOUT_RETURN_TYPE = YES_ERROR;
				GCC_WARN_UNDECLARED_SELECTOR = YES;
				GCC_WARN_UNINITIALIZED_AUTOS = YES_AGGRESSIVE;
				GCC_WARN_UNUSED_FUNCTION = YES;
				GCC_WARN_UNUSED_VARIABLE = YES;
				IPHONEOS_DEPLOYMENT_TARGET = 12.0;
				MTL_ENABLE_DEBUG_INFO = NO;
				MTL_FAST_MATH = YES;
				SDKROOT = iphoneos;
				SWIFT_COMPILATION_MODE = wholemodule;
				SWIFT_OPTIMIZATION_LEVEL = "-O";
				VALIDATE_PRODUCT = YES;
			};
			name = Release;
		};
		AF94AC9820F6DA0700F06A61 /* Debug */ = {
			isa = XCBuildConfiguration;
			baseConfigurationReference = F4FA8B706B5DBC04D3C1DC4D /* Pods-HealthTracker.debug.xcconfig */;
			buildSettings = {
				ASSETCATALOG_COMPILER_APPICON_NAME = AppIcon;
				CLANG_ENABLE_MODULES = YES;
				CODE_SIGN_STYLE = Automatic;
				DEVELOPMENT_TEAM = CDLR95E4T8;
				INFOPLIST_FILE = HealthTracker/Info.plist;
				LD_RUNPATH_SEARCH_PATHS = (
					"$(inherited)",
					"@executable_path/Frameworks",
				);
				PRODUCT_BUNDLE_IDENTIFIER = smigula.HealthTracker;
				PRODUCT_NAME = "$(TARGET_NAME)";
				SWIFT_OBJC_BRIDGING_HEADER = "HealthTracker/Controllers/HealthTracker-Bridging-Header.h";
				SWIFT_OPTIMIZATION_LEVEL = "-Onone";
				SWIFT_VERSION = 4.2;
				TARGETED_DEVICE_FAMILY = "1,2";
			};
			name = Debug;
		};
		AF94AC9920F6DA0700F06A61 /* Release */ = {
			isa = XCBuildConfiguration;
			baseConfigurationReference = DAFE2AD3816DE8F14EB7B705 /* Pods-HealthTracker.release.xcconfig */;
			buildSettings = {
				ASSETCATALOG_COMPILER_APPICON_NAME = AppIcon;
				CLANG_ENABLE_MODULES = YES;
				CODE_SIGN_STYLE = Automatic;
				DEVELOPMENT_TEAM = CDLR95E4T8;
				INFOPLIST_FILE = HealthTracker/Info.plist;
				LD_RUNPATH_SEARCH_PATHS = (
					"$(inherited)",
					"@executable_path/Frameworks",
				);
				PRODUCT_BUNDLE_IDENTIFIER = smigula.HealthTracker;
				PRODUCT_NAME = "$(TARGET_NAME)";
				SWIFT_OBJC_BRIDGING_HEADER = "HealthTracker/Controllers/HealthTracker-Bridging-Header.h";
				SWIFT_VERSION = 4.2;
				TARGETED_DEVICE_FAMILY = "1,2";
			};
			name = Release;
		};
/* End XCBuildConfiguration section */

/* Begin XCConfigurationList section */
		AF94AC7D20F6DA0500F06A61 /* Build configuration list for PBXProject "HealthTracker" */ = {
			isa = XCConfigurationList;
			buildConfigurations = (
				AF94AC9520F6DA0700F06A61 /* Debug */,
				AF94AC9620F6DA0700F06A61 /* Release */,
			);
			defaultConfigurationIsVisible = 0;
			defaultConfigurationName = Release;
		};
		AF94AC9720F6DA0700F06A61 /* Build configuration list for PBXNativeTarget "HealthTracker" */ = {
			isa = XCConfigurationList;
			buildConfigurations = (
				AF94AC9820F6DA0700F06A61 /* Debug */,
				AF94AC9920F6DA0700F06A61 /* Release */,
			);
			defaultConfigurationIsVisible = 0;
			defaultConfigurationName = Release;
		};
/* End XCConfigurationList section */

/* Begin XCVersionGroup section */
		AF94AC8C20F6DA0500F06A61 /* HealthTracker.xcdatamodeld */ = {
			isa = XCVersionGroup;
			children = (
				AF94AC8D20F6DA0500F06A61 /* HealthTracker.xcdatamodel */,
			);
			currentVersion = AF94AC8D20F6DA0500F06A61 /* HealthTracker.xcdatamodel */;
			path = HealthTracker.xcdatamodeld;
			sourceTree = "<group>";
			versionGroupType = wrapper.xcdatamodel;
		};
/* End XCVersionGroup section */
	};
	rootObject = AF94AC7A20F6DA0500F06A61 /* Project object */;
}
